{
  "version": "5",
  "specifiers": {
    "jsr:@std/assert@1": "1.0.13",
    "jsr:@std/internal@^1.0.6": "1.0.8",
    "npm:fast-xml-parser@^5.2.5": "5.2.5",
    "npm:zod@^3.25.64": "3.25.64"
  },
  "jsr": {
    "@std/assert@1.0.13": {
      "integrity": "ae0d31e41919b12c656c742b22522c32fb26ed0cba32975cb0de2a273cb68b29",
      "dependencies": [
        "jsr:@std/internal"
      ]
    },
    "@std/internal@1.0.8": {
      "integrity": "fc66e846d8d38a47cffd274d80d2ca3f0de71040f855783724bb6b87f60891f5"
    }
  },
  "npm": {
    "fast-xml-parser@5.2.5": {
      "integrity": "sha512-pfX9uG9Ki0yekDHx2SiuRIyFdyAr1kMIMitPvb0YBo8SUfKvia7w7FIyd/l6av85pFYRhZscS75MwMnbvY+hcQ==",
      "dependencies": [
        "strnum"
      ],
      "bin": true
    },
    "strnum@2.1.1": {
      "integrity": "sha512-7ZvoFTiCnGxBtDqJ//Cu6fWtZtc7Y3x+QOirG15wztbdngGSkht27o2pyGWrVy0b4WAy3jbKmnoK6g5VlVNUUw=="
    },
    "zod@3.25.64": {
      "integrity": "sha512-hbP9FpSZf7pkS7hRVUrOjhwKJNyampPgtXKc3AN6DsWtoHsg2Sb4SQaS4Tcay380zSwd2VPo9G9180emBACp5g=="
    }
  },
  "workspace": {
    "dependencies": [
      "jsr:@std/assert@1",
      "npm:fast-xml-parser@^5.2.5",
      "npm:zod@^3.25.64"
    ]
  }
}
